
Microsoft Visual Studio Solution File, Format Version 12.00
# Visual Studio Version 17
VisualStudioVersion = 17.2.32630.192
MinimumVisualStudioVersion = 10.0.40219.1
Project("{FAE04EC0-301F-11D3-BF4B-00C04F79EFBC}") = "Conditionals2", "Conditionals2\Conditionals2.csproj", "{29F52105-33E3-412A-B61B-2344A6FCB183}"
EndProject
Global
	GlobalSection(SolutionConfigurationPlatforms) = preSolution
		Debug|Any CPU = Debug|Any CPU
		Release|Any CPU = Release|Any CPU
	EndGlobalSection
	GlobalSection(ProjectConfigurationPlatforms) = postSolution
		{29F52105-33E3-412A-B61B-2344A6FCB183}.Debug|Any CPU.ActiveCfg = Debug|Any CPU
		{29F52105-33E3-412A-B61B-2344A6FCB183}.Debug|Any CPU.Build.0 = Debug|Any CPU
		{29F52105-33E3-412A-B61B-2344A6FCB183}.Release|Any CPU.ActiveCfg = Release|Any CPU
		{29F52105-33E3-412A-B61B-2344A6FCB183}.Release|Any CPU.Build.0 = Release|Any CPU
	EndGlobalSection
	GlobalSection(SolutionProperties) = preSolution
		HideSolutionNode = FALSE
	EndGlobalSection
	GlobalSection(ExtensibilityGlobals) = postSolution
		SolutionGuid = {7AAE36EB-CADF-47D0-BF3B-3C35AFCCFE40}
	EndGlobalSection
EndGlobal
